
Microsoft Visual Studio Solution File, Format Version 12.00
# Visual Studio Version 17
VisualStudioVersion = 17.4.33213.308
MinimumVisualStudioVersion = 10.0.40219.1
Project("{FAE04EC0-301F-11D3-BF4B-00C04F79EFBC}") = "ContactsAPI", "ContactsAPI\ContactsAPI.csproj", "{29798599-5FE2-41C6-88A7-22E59179ED97}"
EndProject
Global
	GlobalSection(SolutionConfigurationPlatforms) = preSolution
		Debug|Any CPU = Debug|Any CPU
		Release|Any CPU = Release|Any CPU
	EndGlobalSection
	GlobalSection(ProjectConfigurationPlatforms) = postSolution
		{29798599-5FE2-41C6-88A7-22E59179ED97}.Debug|Any CPU.ActiveCfg = Debug|Any CPU
		{29798599-5FE2-41C6-88A7-22E59179ED97}.Debug|Any CPU.Build.0 = Debug|Any CPU
		{29798599-5FE2-41C6-88A7-22E59179ED97}.Release|Any CPU.ActiveCfg = Release|Any CPU
		{29798599-5FE2-41C6-88A7-22E59179ED97}.Release|Any CPU.Build.0 = Release|Any CPU
	EndGlobalSection
	GlobalSection(SolutionProperties) = preSolution
		HideSolutionNode = FALSE
	EndGlobalSection
	GlobalSection(ExtensibilityGlobals) = postSolution
		SolutionGuid = {3B493389-C738-4DC7-9188-C21D6ADDE9BA}
	EndGlobalSection
EndGlobal
